
Microsoft Visual Studio Solution File, Format Version 12.00
# Visual Studio Version 17
VisualStudioVersion = 17.10.35013.160
MinimumVisualStudioVersion = 10.0.40219.1
Project("{FAE04EC0-301F-11D3-BF4B-00C04F79EFBC}") = "WebApplication1", "WebApplication1\WebApplication1.csproj", "{FA0B2B9F-D6CD-420E-B970-06518B0C55BD}"
EndProject
Global
	GlobalSection(SolutionConfigurationPlatforms) = preSolution
		Debug|Any CPU = Debug|Any CPU
		Release|Any CPU = Release|Any CPU
	EndGlobalSection
	GlobalSection(ProjectConfigurationPlatforms) = postSolution
		{FA0B2B9F-D6CD-420E-B970-06518B0C55BD}.Debug|Any CPU.ActiveCfg = Debug|Any CPU
		{FA0B2B9F-D6CD-420E-B970-06518B0C55BD}.Debug|Any CPU.Build.0 = Debug|Any CPU
		{FA0B2B9F-D6CD-420E-B970-06518B0C55BD}.Release|Any CPU.ActiveCfg = Release|Any CPU
		{FA0B2B9F-D6CD-420E-B970-06518B0C55BD}.Release|Any CPU.Build.0 = Release|Any CPU
	EndGlobalSection
	GlobalSection(SolutionProperties) = preSolution
		HideSolutionNode = FALSE
	EndGlobalSection
	GlobalSection(ExtensibilityGlobals) = postSolution
		SolutionGuid = {6AA6370D-8CDD-4DB2-B627-ACC9DACAE188}
	EndGlobalSection
EndGlobal
